
Microsoft Visual Studio Solution File, Format Version 12.00
# Visual Studio 15
VisualStudioVersion = 15.0.27428.2027
MinimumVisualStudioVersion = 10.0.40219.1
Project("{FAE04EC0-301F-11D3-BF4B-00C04F79EFBC}") = "CinemaBookingSystem", "CinemaBookingSystem.csproj", "{05D5267A-82FF-4847-A9E5-0D194E4A9336}"
EndProject
Global
	GlobalSection(SolutionConfigurationPlatforms) = preSolution
		Debug|Any CPU = Debug|Any CPU
		Release|Any CPU = Release|Any CPU
	EndGlobalSection
	GlobalSection(ProjectConfigurationPlatforms) = postSolution
		{05D5267A-82FF-4847-A9E5-0D194E4A9336}.Debug|Any CPU.ActiveCfg = Debug|Any CPU
		{05D5267A-82FF-4847-A9E5-0D194E4A9336}.Debug|Any CPU.Build.0 = Debug|Any CPU
		{05D5267A-82FF-4847-A9E5-0D194E4A9336}.Release|Any CPU.ActiveCfg = Release|Any CPU
		{05D5267A-82FF-4847-A9E5-0D194E4A9336}.Release|Any CPU.Build.0 = Release|Any CPU
	EndGlobalSection
	GlobalSection(SolutionProperties) = preSolution
		HideSolutionNode = FALSE
	EndGlobalSection
	GlobalSection(ExtensibilityGlobals) = postSolution
		SolutionGuid = {014B8E7C-416E-4F2F-A749-0B8B88EDA31B}
	EndGlobalSection
EndGlobal
